{
  "version": 4,
  "terraform_version": "1.8.2",
  "serial": 31,
  "lineage": "029beec4-4d7e-a815-617e-9e7ac137d6b6",
  "outputs": {},
  "resources": [
    {
      "module": "module.bigquery",
      "mode": "managed",
      "type": "google_bigquery_dataset",
      "name": "example_dataset",
      "provider": "module.bigquery.provider[\"registry.terraform.io/hashicorp/google\"]",
      "instances": [
        {
          "schema_version": 0,
          "attributes": {
            "access": [
              {
                "dataset": [],
                "domain": "",
                "group_by_email": "",
                "iam_member": "",
                "role": "OWNER",
                "routine": [],
                "special_group": "",
                "user_by_email": "tfservice@itsme-1234.iam.gserviceaccount.com",
                "view": []
              },
              {
                "dataset": [],
                "domain": "",
                "group_by_email": "",
                "iam_member": "",
                "role": "OWNER",
                "routine": [],
                "special_group": "projectOwners",
                "user_by_email": "",
                "view": []
              },
              {
                "dataset": [],
                "domain": "",
                "group_by_email": "",
                "iam_member": "",
                "role": "READER",
                "routine": [],
                "special_group": "projectReaders",
                "user_by_email": "",
                "view": []
              },
              {
                "dataset": [],
                "domain": "",
                "group_by_email": "",
                "iam_member": "",
                "role": "WRITER",
                "routine": [],
                "special_group": "projectWriters",
                "user_by_email": "",
                "view": []
              }
            ],
            "creation_time": 1716902170343,
            "dataset_id": "num",
            "default_collation": "",
            "default_encryption_configuration": [],
            "default_partition_expiration_ms": 0,
            "default_table_expiration_ms": 0,
            "delete_contents_on_destroy": false,
            "description": "An example BigQuery dataset",
            "effective_labels": {},
            "etag": "txHVBNDrdryqk2JXWPPaqQ==",
            "external_dataset_reference": [],
            "friendly_name": "",
            "id": "projects/itsme-1234/datasets/num",
            "is_case_insensitive": false,
            "labels": {},
            "last_modified_time": 1716902170343,
            "location": "US",
            "max_time_travel_hours": "",
            "project": "itsme-1234",
            "self_link": "https://bigquery.googleapis.com/bigquery/v2/projects/itsme-1234/datasets/num",
            "storage_billing_model": "",
            "terraform_labels": {},
            "timeouts": null
          },
          "sensitive_attributes": [],
          "private": "eyJlMmJmYjczMC1lY2FhLTExZTYtOGY4OC0zNDM2M2JjN2M0YzAiOnsiY3JlYXRlIjoxMjAwMDAwMDAwMDAwLCJkZWxldGUiOjEyMDAwMDAwMDAwMDAsInVwZGF0ZSI6MTIwMDAwMDAwMDAwMH19"
        }
      ]
    },
    {
      "module": "module.bigquery",
      "mode": "managed",
      "type": "google_bigquery_table",
      "name": "example_table",
      "provider": "module.bigquery.provider[\"registry.terraform.io/hashicorp/google\"]",
      "instances": [
        {
          "schema_version": 0,
          "attributes": {
            "clustering": null,
            "creation_time": 1716902171615,
            "dataset_id": "num",
            "deletion_protection": false,
            "description": "",
            "effective_labels": {},
            "encryption_configuration": [],
            "etag": "C7+EsxqngIJOfUYwGceOvA==",
            "expiration_time": 0,
            "external_data_configuration": [],
            "friendly_name": "",
            "id": "projects/itsme-1234/datasets/num/tables/jojo",
            "labels": {},
            "last_modified_time": 1716902171689,
            "location": "US",
            "materialized_view": [],
            "max_staleness": "",
            "num_bytes": 0,
            "num_long_term_bytes": 0,
            "num_rows": 0,
            "project": "itsme-1234",
            "range_partitioning": [],
            "require_partition_filter": false,
            "schema": "[{\"description\":\"Description of column1\",\"mode\":\"NULLABLE\",\"name\":\"column1\",\"type\":\"STRING\"},{\"description\":\"Description of column2\",\"mode\":\"NULLABLE\",\"name\":\"column2\",\"type\":\"INTEGER\"}]",
            "self_link": "https://bigquery.googleapis.com/bigquery/v2/projects/itsme-1234/datasets/num/tables/jojo",
            "table_constraints": [],
            "table_id": "jojo",
            "table_replication_info": [],
            "terraform_labels": {},
            "time_partitioning": [
              {
                "expiration_ms": 0,
                "field": "",
                "require_partition_filter": false,
                "type": "DAY"
              }
            ],
            "type": "TABLE",
            "view": []
          },
          "sensitive_attributes": [],
          "private": "bnVsbA==",
          "dependencies": [
            "module.bigquery.google_bigquery_dataset.example_dataset"
          ]
        }
      ]
    }
  ],
  "check_results": null
}
